{
  "nodes": {
    "darwin": {
      "inputs": {
        "nixpkgs": [
          "nixpkgs"
        ]
      },
      "locked": {
        "lastModified": 1622060422,
        "narHash": "sha256-hPVlvrAyf6zL7tTx0lpK+tMxEfZeMiIZ/A2xaJ41WOY=",
        "owner": "lnl7",
        "repo": "nix-darwin",
        "rev": "007d700e644ac588ad6668e6439950a5b6e2ff64",
        "type": "github"
      },
      "original": {
        "owner": "lnl7",
        "repo": "nix-darwin",
        "type": "github"
      }
    },
    "emacs-git": {
      "flake": false,
      "locked": {
        "lastModified": 1623679081,
        "narHash": "sha256-zJYn2gpaljnxJlm/zWvjs2m2Ap6hMW44jlx2SqTRyTE=",
        "owner": "emacs-mirror",
        "repo": "emacs",
        "rev": "794ec934a76d0647a72b7be32e20dc5b95e5ec11",
        "type": "github"
      },
      "original": {
        "owner": "emacs-mirror",
        "repo": "emacs",
        "type": "github"
      }
    },
    "emacs-overlay": {
      "inputs": {
        "emacs-git": "emacs-git",
        "emacs-pgtk": "emacs-pgtk",
        "emacs-pgtk-nativecomp": "emacs-pgtk-nativecomp",
        "emacs-unstable": "emacs-unstable",
        "exwm": "exwm",
        "flake-compat": "flake-compat",
        "flake-utils": "flake-utils",
        "gitignore.nix": "gitignore.nix",
        "nixpkgs": "nixpkgs",
        "pre-commit-hooks.nix": "pre-commit-hooks.nix",
        "xelb": "xelb"
      },
      "locked": {
        "lastModified": 1624204928,
        "narHash": "sha256-U1IBwHVKNLMkNf7yre8mqwBITuxV940BUh5PuL4BIJI=",
        "owner": "mjlbach",
        "repo": "emacs-overlay",
        "rev": "08a184bbe4312ba58a0ad625425259adec5ebbeb",
        "type": "github"
      },
      "original": {
        "owner": "mjlbach",
        "ref": "feature/flakes",
        "repo": "emacs-overlay",
        "type": "github"
      }
    },
    "emacs-pgtk": {
      "flake": false,
      "locked": {
        "lastModified": 1606038698,
        "narHash": "sha256-zNk5JrwQMsS/tve+F8iPybRl3GYJPO0/hVuldRI7x7A=",
        "owner": "masm11",
        "repo": "emacs",
        "rev": "3df4ca451d41a5f1036713277ef55ca9734c6fa7",
        "type": "github"
      },
      "original": {
        "owner": "masm11",
        "ref": "pgtk",
        "repo": "emacs",
        "type": "github"
      }
    },
    "emacs-pgtk-nativecomp": {
      "flake": false,
      "locked": {
        "lastModified": 1623676845,
        "narHash": "sha256-IzDCcOFKCRZhFNCLY0p3AafJAOAz/KQTbJaDnHB8bMY=",
        "owner": "flatwhatson",
        "repo": "emacs",
        "rev": "5f3c79125248eeb82c81b16d07cd8426626ea5f5",
        "type": "github"
      },
      "original": {
        "owner": "flatwhatson",
        "ref": "pgtk-nativecomp",
        "repo": "emacs",
        "type": "github"
      }
    },
    "emacs-unstable": {
      "flake": false,
      "locked": {
        "lastModified": 1623593451,
        "narHash": "sha256-qm2oYYOOZxodawghLo2bnaXqk5f6h1JlaZz0CrxqA3Q=",
        "owner": "emacs-mirror",
        "repo": "emacs",
        "rev": "7be610f911037e494fae9195c02dd1e33bf08269",
        "type": "github"
      },
      "original": {
        "owner": "emacs-mirror",
        "ref": "emacs-27",
        "repo": "emacs",
        "type": "github"
      }
    },
    "exwm": {
      "flake": false,
      "locked": {
        "lastModified": 1594512000,
        "narHash": "sha256-PHMHtTbKpKtFGGGtMh2SbKoK+8avh3CiDeW5jXP+TDM=",
        "owner": "ch11ng",
        "repo": "exwm",
        "rev": "0368127976bda29d35eed788edfe74644ecd3845",
        "type": "github"
      },
      "original": {
        "owner": "ch11ng",
        "repo": "exwm",
        "type": "github"
      }
    },
    "flake-compat": {
      "flake": false,
      "locked": {
        "lastModified": 1606424373,
        "narHash": "sha256-oq8d4//CJOrVj+EcOaSXvMebvuTkmBJuT5tzlfewUnQ=",
        "owner": "edolstra",
        "repo": "flake-compat",
        "rev": "99f1c2157fba4bfe6211a321fd0ee43199025dbf",
        "type": "github"
      },
      "original": {
        "owner": "edolstra",
        "repo": "flake-compat",
        "type": "github"
      }
    },
    "flake-compat_2": {
      "flake": false,
      "locked": {
        "lastModified": 1606424373,
        "narHash": "sha256-oq8d4//CJOrVj+EcOaSXvMebvuTkmBJuT5tzlfewUnQ=",
        "owner": "edolstra",
        "repo": "flake-compat",
        "rev": "99f1c2157fba4bfe6211a321fd0ee43199025dbf",
        "type": "github"
      },
      "original": {
        "owner": "edolstra",
        "repo": "flake-compat",
        "type": "github"
      }
    },
    "flake-utils": {
      "locked": {
        "lastModified": 1623660459,
        "narHash": "sha256-OTmOsh43po7r5F9s9H6lVCBQ2b0FikWbmiwLbMAGRdw=",
        "owner": "numtide",
        "repo": "flake-utils",
        "rev": "98c8d36b1828009b20f12544214683c7489935a1",
        "type": "github"
      },
      "original": {
        "owner": "numtide",
        "repo": "flake-utils",
        "type": "github"
      }
    },
    "flake-utils_2": {
      "locked": {
        "lastModified": 1610051610,
        "narHash": "sha256-U9rPz/usA1/Aohhk7Cmc2gBrEEKRzcW4nwPWMPwja4Y=",
        "owner": "numtide",
        "repo": "flake-utils",
        "rev": "3982c9903e93927c2164caa727cd3f6a0e6d14cc",
        "type": "github"
      },
      "original": {
        "owner": "numtide",
        "repo": "flake-utils",
        "type": "github"
      }
    },
    "gitignore.nix": {
      "flake": false,
      "locked": {
        "lastModified": 1611672876,
        "narHash": "sha256-qHu3uZ/o9jBHiA3MEKHJ06k7w4heOhA+4HCSIvflRxo=",
        "owner": "hercules-ci",
        "repo": "gitignore.nix",
        "rev": "211907489e9f198594c0eb0ca9256a1949c9d412",
        "type": "github"
      },
      "original": {
        "owner": "hercules-ci",
        "repo": "gitignore.nix",
        "type": "github"
      }
    },
    "home-manager": {
      "inputs": {
        "nixpkgs": [
          "nixpkgs"
        ]
      },
      "locked": {
        "lastModified": 1624893075,
        "narHash": "sha256-/BWO8upKe3u2GFvlEooqya1ozYGbO4EbHkRKezUf0xU=",
        "owner": "nix-community",
        "repo": "home-manager",
        "rev": "85d67b0a6e3a395bba97805821863dab143e33f8",
        "type": "github"
      },
      "original": {
        "owner": "nix-community",
        "repo": "home-manager",
        "type": "github"
      }
    },
    "neovim-flake": {
      "inputs": {
        "flake-utils": "flake-utils_2",
        "nixpkgs": [
          "nixpkgs"
        ]
      },
      "locked": {
        "dir": "contrib",
        "lastModified": 1624822209,
        "narHash": "sha256-FV22VPKECgRwZMntm4XGLhaSvr4hLkv5dP9F6uoL3Fo=",
        "owner": "neovim",
        "repo": "neovim",
        "rev": "5aaa1a1c0473d9e9ac824201f92ec65e190beeb7",
        "type": "github"
      },
      "original": {
        "dir": "contrib",
        "owner": "neovim",
        "repo": "neovim",
        "type": "github"
      }
    },
    "neovim-nightly-overlay": {
      "inputs": {
        "flake-compat": "flake-compat_2",
        "neovim-flake": "neovim-flake",
        "nixpkgs": "nixpkgs_2"
      },
      "locked": {
        "lastModified": 1624868198,
        "narHash": "sha256-VXhGKfzSJ9HN06orMSpZKhBRGA4BBM/URuXJdOSQCis=",
        "owner": "nix-community",
        "repo": "neovim-nightly-overlay",
        "rev": "2aff1c00dc619b5b8af3dee95461b41f3a6fd7f0",
        "type": "github"
      },
      "original": {
        "owner": "nix-community",
        "repo": "neovim-nightly-overlay",
        "type": "github"
      }
    },
    "nixpkgs": {
      "locked": {
        "lastModified": 1623324058,
        "narHash": "sha256-Jm9GUTXdjXz56gWDKy++EpFfjrBaxqXlLvTLfgEi8lo=",
        "owner": "nixos",
        "repo": "nixpkgs",
        "rev": "432fc2d9a67f92e05438dff5fdc2b39d33f77997",
        "type": "github"
      },
      "original": {
        "owner": "nixos",
        "ref": "nixos-unstable",
        "repo": "nixpkgs",
        "type": "github"
      }
    },
    "nixpkgs_2": {
      "locked": {
        "lastModified": 1624626397,
        "narHash": "sha256-+h0ulo5//RqStx6g6MDqD9MzgmBfeZ1VYxwEaSmw/Zs=",
        "owner": "nixos",
        "repo": "nixpkgs",
        "rev": "e1f8852faac7638e88d5e8a5b9ee2a7568685e3f",
        "type": "github"
      },
      "original": {
        "owner": "nixos",
        "ref": "nixos-unstable",
        "repo": "nixpkgs",
        "type": "github"
      }
    },
    "nixpkgs_3": {
      "locked": {
        "lastModified": 1624668028,
        "narHash": "sha256-FUxvXMBPQ5jrGhS47jwBFZQte0yDkMCBI5M24mJi5X0=",
        "owner": "nixos",
        "repo": "nixpkgs",
        "rev": "e85975942742a3728226ac22a3415f2355bfc897",
        "type": "github"
      },
      "original": {
        "owner": "nixos",
        "ref": "nixpkgs-unstable",
        "repo": "nixpkgs",
        "type": "github"
      }
    },
    "pre-commit-hooks.nix": {
      "flake": false,
      "locked": {
        "lastModified": 1622650193,
        "narHash": "sha256-qSzUpJDv04ajS9FXoCq6NjVF3qOt9IiGIiGh0P8amyw=",
        "owner": "cachix",
        "repo": "pre-commit-hooks.nix",
        "rev": "0398f0649e0a741660ac5e8216760bae5cc78579",
        "type": "github"
      },
      "original": {
        "owner": "cachix",
        "repo": "pre-commit-hooks.nix",
        "type": "github"
      }
    },
    "root": {
      "inputs": {
        "darwin": "darwin",
        "emacs-overlay": "emacs-overlay",
        "home-manager": "home-manager",
        "neovim-nightly-overlay": "neovim-nightly-overlay",
        "nixpkgs": "nixpkgs_3"
      }
    },
    "xelb": {
      "flake": false,
      "locked": {
        "lastModified": 1595116800,
        "narHash": "sha256-7Xr5UJyVxU8RatC8fo1x7WUpuY3qf/1izRMEMzR8dIM=",
        "owner": "ch11ng",
        "repo": "xelb",
        "rev": "df102a5773b37cec154e795a17a8513144dde643",
        "type": "github"
      },
      "original": {
        "owner": "ch11ng",
        "repo": "xelb",
        "type": "github"
      }
    }
  },
  "root": "root",
  "version": 7
}
